
Microsoft Visual Studio Solution File, Format Version 12.00
# Visual Studio Version 17
VisualStudioVersion = 17.6.33815.320
MinimumVisualStudioVersion = 10.0.40219.1
Project("{FAE04EC0-301F-11D3-BF4B-00C04F79EFBC}") = "BackendAPI", "BackendAPI.csproj", "{EE740E9A-925D-40FC-9ECA-A80681D7CE64}"
EndProject
Global
	GlobalSection(SolutionConfigurationPlatforms) = preSolution
		Debug|Any CPU = Debug|Any CPU
		Release|Any CPU = Release|Any CPU
	EndGlobalSection
	GlobalSection(ProjectConfigurationPlatforms) = postSolution
		{EE740E9A-925D-40FC-9ECA-A80681D7CE64}.Debug|Any CPU.ActiveCfg = Debug|Any CPU
		{EE740E9A-925D-40FC-9ECA-A80681D7CE64}.Debug|Any CPU.Build.0 = Debug|Any CPU
		{EE740E9A-925D-40FC-9ECA-A80681D7CE64}.Release|Any CPU.ActiveCfg = Release|Any CPU
		{EE740E9A-925D-40FC-9ECA-A80681D7CE64}.Release|Any CPU.Build.0 = Release|Any CPU
	EndGlobalSection
	GlobalSection(SolutionProperties) = preSolution
		HideSolutionNode = FALSE
	EndGlobalSection
	GlobalSection(ExtensibilityGlobals) = postSolution
		SolutionGuid = {D4301242-161E-4187-A548-0B833CA39F74}
	EndGlobalSection
EndGlobal
